{
  "requires": true,
  "lockfileVersion": 1,
  "dependencies": {
    "@types/prop-types": {
      "version": "15.7.1",
      "resolved": "http://r.cnpmjs.org/@types/prop-types/download/@types/prop-types-15.7.1.tgz",
      "integrity": "sha1-8aEee6uww8rWgQC+OB0eBkxo8fY="
    },
    "@types/react": {
      "version": "16.8.14",
      "resolved": "http://r.cnpmjs.org/@types/react/download/@types/react-16.8.14.tgz",
      "integrity": "sha1-tWG/q+uPYNEubUdmNn56muknqhg=",
      "requires": {
        "@types/prop-types": "*",
        "csstype": "^2.2.0"
      }
    },
    "bind-decorator": {
      "version": "1.0.11",
      "resolved": "http://r.cnpmjs.org/bind-decorator/download/bind-decorator-1.0.11.tgz",
      "integrity": "sha1-5BvAah9l3ZzsR2yRxdrzl4SIJS8="
    },
    "classnames": {
      "version": "2.2.6",
      "resolved": "http://r.cnpmjs.org/classnames/download/classnames-2.2.6.tgz",
      "integrity": "sha1-Q5Nb/90pHzJtrQogUwmzjQD2UM4="
    },
    "csstype": {
      "version": "2.6.4",
      "resolved": "http://r.cnpmjs.org/csstype/download/csstype-2.6.4.tgz",
      "integrity": "sha1-1YWmBiCW4yTnGH+A4E+SvQ8A438="
    },
    "dayjs": {
      "version": "1.8.12",
      "resolved": "http://r.cnpmjs.org/dayjs/download/dayjs-1.8.12.tgz",
      "integrity": "sha1-+WEPubEVqi/ioH50LBMN9BjO52o="
    },
    "js-tokens": {
      "version": "4.0.0",
      "resolved": "http://r.cnpmjs.org/js-tokens/download/js-tokens-4.0.0.tgz",
      "integrity": "sha1-GSA/tZmR35jjoocFDUZHzerzJJk="
    },
    "lodash": {
      "version": "4.17.11",
      "resolved": "http://r.cnpmjs.org/lodash/download/lodash-4.17.11.tgz",
      "integrity": "sha1-s56mIp72B+zYniyN8SU2iRysm40="
    },
    "loose-envify": {
      "version": "1.4.0",
      "resolved": "http://r.cnpmjs.org/loose-envify/download/loose-envify-1.4.0.tgz",
      "integrity": "sha1-ce5R+nvkyuwaY4OffmgtgTLTDK8=",
      "requires": {
        "js-tokens": "^3.0.0 || ^4.0.0"
      }
    },
    "object-assign": {
      "version": "4.1.1",
      "resolved": "http://r.cnpmjs.org/object-assign/download/object-assign-4.1.1.tgz",
      "integrity": "sha1-IQmtx5ZYh8/AXLvUQsrIv7s2CGM="
    },
    "prop-types": {
      "version": "15.7.2",
      "resolved": "http://r.cnpmjs.org/prop-types/download/prop-types-15.7.2.tgz",
      "integrity": "sha1-UsQedbjIfnK52TYOAga5ncv/psU=",
      "requires": {
        "loose-envify": "^1.4.0",
        "object-assign": "^4.1.1",
        "react-is": "^16.8.1"
      }
    },
    "react-is": {
      "version": "16.8.6",
      "resolved": "http://r.cnpmjs.org/react-is/download/react-is-16.8.6.tgz",
      "integrity": "sha1-W7weLSkUHJ+9/tRWND/ivEMKahY="
    },
    "taro-ui": {
      "version": "2.1.0",
      "resolved": "http://r.cnpmjs.org/taro-ui/download/taro-ui-2.1.0.tgz",
      "integrity": "sha1-+yd01iYdt1MRrGznviQ8QSxloyI=",
      "requires": {
        "@types/react": "^16.7.3",
        "bind-decorator": "^1.0.11",
        "classnames": "^2.2.6",
        "dayjs": "^1.7.7",
        "lodash": "^4.17.10",
        "prop-types": "^15.6.2"
      }
    }
  }
}
